
Microsoft Visual Studio Solution File, Format Version 12.00
# Visual Studio Version 17
VisualStudioVersion = 17.3.32929.385
MinimumVisualStudioVersion = 10.0.40219.1
Project("{FAE04EC0-301F-11D3-BF4B-00C04F79EFBC}") = "Courier_Application", "Courier_Application\Courier_Application.csproj", "{B459F164-BE6E-436F-853B-A246C1CDD588}"
EndProject
Global
	GlobalSection(SolutionConfigurationPlatforms) = preSolution
		Debug|Any CPU = Debug|Any CPU
		Release|Any CPU = Release|Any CPU
	EndGlobalSection
	GlobalSection(ProjectConfigurationPlatforms) = postSolution
		{B459F164-BE6E-436F-853B-A246C1CDD588}.Debug|Any CPU.ActiveCfg = Debug|Any CPU
		{B459F164-BE6E-436F-853B-A246C1CDD588}.Debug|Any CPU.Build.0 = Debug|Any CPU
		{B459F164-BE6E-436F-853B-A246C1CDD588}.Release|Any CPU.ActiveCfg = Release|Any CPU
		{B459F164-BE6E-436F-853B-A246C1CDD588}.Release|Any CPU.Build.0 = Release|Any CPU
	EndGlobalSection
	GlobalSection(SolutionProperties) = preSolution
		HideSolutionNode = FALSE
	EndGlobalSection
	GlobalSection(ExtensibilityGlobals) = postSolution
		SolutionGuid = {C6F204AD-3FE7-4AFC-975A-956DA45C5A2C}
	EndGlobalSection
EndGlobal
